name: Regenerate uv.lock
on:
  workflow_dispatch:

permissions:
  contents: write

jobs:
  regen:
    runs-on: ubuntu-latest
    steps:
    - uses: actions/checkout@v6
      with:
        ref: feat/python-3.14-support

    - name: Install uv
      uses: astral-sh/setup-uv@v7
      with:
        version: "latest"

    - name: Set up Python 3.14
      run: uv python install 3.14

    - name: Regenerate lockfile
      run: uv lock

    - name: Show diff
      run: git diff uv.lock | head -100

    - name: Commit and push
      run: |
        git config user.name "github-actions[bot]"
        git config user.email "github-actions[bot]@users.noreply.github.com"
        git add uv.lock
        git diff --cached --quiet && echo "No changes" && exit 0
        git commit -m "chore: regenerate uv.lock for Python 3.14

        Co-Authored-By: Claude Opus 4.6 <noreply@anthropic.com>"
        git push
